Microsoft Visual Studio Solution File, Format Version 12.00
# Visual Studio Version 17
VisualStudioVersion = 17.5.2.0
MinimumVisualStudioVersion = 10.0.40219.1
Project("{FAE04EC0-301F-11D3-BF4B-00C04F79EFBC}") = "14bot", "14bot.csproj", "{8B212828-A3B1-6ACD-6E9F-10B7D13F0039}"
EndProject
Global
	GlobalSection(SolutionConfigurationPlatforms) = preSolution
		Debug|Any CPU = Debug|Any CPU
		Release|Any CPU = Release|Any CPU
	EndGlobalSection
	GlobalSection(ProjectConfigurationPlatforms) = postSolution
		{8B212828-A3B1-6ACD-6E9F-10B7D13F0039}.Debug|Any CPU.ActiveCfg = Debug|Any CPU
		{8B212828-A3B1-6ACD-6E9F-10B7D13F0039}.Debug|Any CPU.Build.0 = Debug|Any CPU
		{8B212828-A3B1-6ACD-6E9F-10B7D13F0039}.Release|Any CPU.ActiveCfg = Release|Any CPU
		{8B212828-A3B1-6ACD-6E9F-10B7D13F0039}.Release|Any CPU.Build.0 = Release|Any CPU
	EndGlobalSection
	GlobalSection(SolutionProperties) = preSolution
		HideSolutionNode = FALSE
	EndGlobalSection
	GlobalSection(ExtensibilityGlobals) = postSolution
		SolutionGuid = {7B836E92-37E8-4614-B502-BB6773CD8E6D}
	EndGlobalSection
EndGlobal
